
Microsoft Visual Studio Solution File, Format Version 12.00
# Visual Studio Version 17
VisualStudioVersion = 17.3.32929.385
MinimumVisualStudioVersion = 10.0.40219.1
Project("{FAE04EC0-301F-11D3-BF4B-00C04F79EFBC}") = "DeniseConiglio_WindowsFinal", "DeniseConiglio_WindowsFinal\DeniseConiglio_WindowsFinal.csproj", "{E6390A24-1C73-449D-AF26-36CEF0E3553D}"
EndProject
Global
	GlobalSection(SolutionConfigurationPlatforms) = preSolution
		Debug|Any CPU = Debug|Any CPU
		Release|Any CPU = Release|Any CPU
	EndGlobalSection
	GlobalSection(ProjectConfigurationPlatforms) = postSolution
		{E6390A24-1C73-449D-AF26-36CEF0E3553D}.Debug|Any CPU.ActiveCfg = Debug|Any CPU
		{E6390A24-1C73-449D-AF26-36CEF0E3553D}.Debug|Any CPU.Build.0 = Debug|Any CPU
		{E6390A24-1C73-449D-AF26-36CEF0E3553D}.Release|Any CPU.ActiveCfg = Release|Any CPU
		{E6390A24-1C73-449D-AF26-36CEF0E3553D}.Release|Any CPU.Build.0 = Release|Any CPU
	EndGlobalSection
	GlobalSection(SolutionProperties) = preSolution
		HideSolutionNode = FALSE
	EndGlobalSection
	GlobalSection(ExtensibilityGlobals) = postSolution
		SolutionGuid = {2F3E5E1B-9AC9-4B49-AD20-7A40F10EA5AB}
	EndGlobalSection
EndGlobal
